
Microsoft Visual Studio Solution File, Format Version 12.00
# Visual Studio Version 16
VisualStudioVersion = 16.0.30011.22
MinimumVisualStudioVersion = 10.0.40219.1
Project("{FAE04EC0-301F-11D3-BF4B-00C04F79EFBC}") = "OdeToFood", "OdeToFood\OdeToFood.csproj", "{7F3AA903-2290-4FA8-BE13-C1BB6C522B96}"
EndProject
Global
	GlobalSection(SolutionConfigurationPlatforms) = preSolution
		Debug|Any CPU = Debug|Any CPU
		Release|Any CPU = Release|Any CPU
	EndGlobalSection
	GlobalSection(ProjectConfigurationPlatforms) = postSolution
		{7F3AA903-2290-4FA8-BE13-C1BB6C522B96}.Debug|Any CPU.ActiveCfg = Debug|Any CPU
		{7F3AA903-2290-4FA8-BE13-C1BB6C522B96}.Debug|Any CPU.Build.0 = Debug|Any CPU
		{7F3AA903-2290-4FA8-BE13-C1BB6C522B96}.Release|Any CPU.ActiveCfg = Release|Any CPU
		{7F3AA903-2290-4FA8-BE13-C1BB6C522B96}.Release|Any CPU.Build.0 = Release|Any CPU
	EndGlobalSection
	GlobalSection(SolutionProperties) = preSolution
		HideSolutionNode = FALSE
	EndGlobalSection
	GlobalSection(ExtensibilityGlobals) = postSolution
		SolutionGuid = {52970EAE-AFAD-4E17-932E-FAD8D23A7371}
	EndGlobalSection
EndGlobal
